// !$*UTF8*$!
{
	archiveVersion = 1;
	classes = {
	};
	objectVersion = 56;
	objects = {

/* Begin PBXBuildFile section */
		A10000000000000000000001 /* MusicHackathonApp.swift in Sources */ = {isa = PBXBuildFile; fileRef = A20000000000000000000001 /* MusicHackathonApp.swift */; };
		A10000000000000000000002 /* AppView.swift in Sources */ = {isa = PBXBuildFile; fileRef = A20000000000000000000002 /* AppView.swift */; };
		A10000000000000000000003 /* AppTab.swift in Sources */ = {isa = PBXBuildFile; fileRef = A20000000000000000000003 /* AppTab.swift */; };
		A10000000000000000000004 /* Track.swift in Sources */ = {isa = PBXBuildFile; fileRef = A20000000000000000000004 /* Track.swift */; };
		A10000000000000000000005 /* MockCatalog.swift in Sources */ = {isa = PBXBuildFile; fileRef = A20000000000000000000005 /* MockCatalog.swift */; };
		A10000000000000000000006 /* PlaybackController.swift in Sources */ = {isa = PBXBuildFile; fileRef = A20000000000000000000006 /* PlaybackController.swift */; };
		A10000000000000000000007 /* MusicAuthorizationService.swift in Sources */ = {isa = PBXBuildFile; fileRef = A20000000000000000000007 /* MusicAuthorizationService.swift */; };
		A10000000000000000000008 /* DiscoverView.swift in Sources */ = {isa = PBXBuildFile; fileRef = A20000000000000000000008 /* DiscoverView.swift */; };
		A10000000000000000000009 /* LibraryView.swift in Sources */ = {isa = PBXBuildFile; fileRef = A20000000000000000000009 /* LibraryView.swift */; };
		A10000000000000000000010 /* PlayerView.swift in Sources */ = {isa = PBXBuildFile; fileRef = A20000000000000000000010 /* PlayerView.swift */; };
		A10000000000000000000011 /* SettingsView.swift in Sources */ = {isa = PBXBuildFile; fileRef = A20000000000000000000011 /* SettingsView.swift */; };
		A10000000000000000000012 /* featured-preview.m4a in Resources */ = {isa = PBXBuildFile; fileRef = A20000000000000000000014 /* featured-preview.m4a */; };
		A10000000000000000000013 /* AudioSpectrumAnalyzer.swift in Sources */ = {isa = PBXBuildFile; fileRef = A20000000000000000000015 /* AudioSpectrumAnalyzer.swift */; };
		B10000000000000000000001 /* FluidGradient in Frameworks */ = {isa = PBXBuildFile; productRef = B30000000000000000000001 /* FluidGradient */; };
		C10000000000000000000001 /* AppIcon.icon in Resources */ = {isa = PBXBuildFile; fileRef = C20000000000000000000001 /* AppIcon.icon */; };
		E10000000000000000000001 /* AppleMusicCatalogService.swift in Sources */ = {isa = PBXBuildFile; fileRef = E20000000000000000000001 /* AppleMusicCatalogService.swift */; };
		E10000000000000000000002 /* SpectrumAnalysisCache.swift in Sources */ = {isa = PBXBuildFile; fileRef = E20000000000000000000002 /* SpectrumAnalysisCache.swift */; };
		F10000000000000000000001 /* RadioModels.swift in Sources */ = {isa = PBXBuildFile; fileRef = F20000000000000000000001 /* RadioModels.swift */; };
		F10000000000000000000002 /* AppleMusicLibraryService.swift in Sources */ = {isa = PBXBuildFile; fileRef = F20000000000000000000002 /* AppleMusicLibraryService.swift */; };
		F10000000000000000000003 /* DJNarrationProvider.swift in Sources */ = {isa = PBXBuildFile; fileRef = F20000000000000000000003 /* DJNarrationProvider.swift */; };
		F10000000000000000000004 /* RadioRecommendationEngine.swift in Sources */ = {isa = PBXBuildFile; fileRef = F20000000000000000000004 /* RadioRecommendationEngine.swift */; };
		F10000000000000000000005 /* RadioContextBuilder.swift in Sources */ = {isa = PBXBuildFile; fileRef = F20000000000000000000005 /* RadioContextBuilder.swift */; };
		F10000000000000000000006 /* RadioStateStore.swift in Sources */ = {isa = PBXBuildFile; fileRef = F20000000000000000000006 /* RadioStateStore.swift */; };
		F10000000000000000000007 /* RadioStationController.swift in Sources */ = {isa = PBXBuildFile; fileRef = F20000000000000000000007 /* RadioStationController.swift */; };
		G10000000000000000000001 /* RadioAgentClient.swift in Sources */ = {isa = PBXBuildFile; fileRef = G20000000000000000000001 /* RadioAgentClient.swift */; };
		T10000000000000000000001 /* RadioRecommendationEngineTests.swift in Sources */ = {isa = PBXBuildFile; fileRef = T20000000000000000000001 /* RadioRecommendationEngineTests.swift */; };
		T10000000000000000000002 /* RadioStateStoreTests.swift in Sources */ = {isa = PBXBuildFile; fileRef = T20000000000000000000002 /* RadioStateStoreTests.swift */; };
		T10000000000000000000003 /* RadioAgentClientTests.swift in Sources */ = {isa = PBXBuildFile; fileRef = T20000000000000000000004 /* RadioAgentClientTests.swift */; };
		T10000000000000000000004 /* RadioStationControllerTests.swift in Sources */ = {isa = PBXBuildFile; fileRef = T20000000000000000000005 /* RadioStationControllerTests.swift */; };
/* End PBXBuildFile section */

/* Begin PBXContainerItemProxy section */
		T51000000000000000000001 /* PBXContainerItemProxy */ = {
			isa = PBXContainerItemProxy;
			containerPortal = A80000000000000000000001 /* Project object */;
			proxyType = 1;
			remoteGlobalIDString = A50000000000000000000001;
			remoteInfo = MusicHackathon;
		};
/* End PBXContainerItemProxy section */

/* Begin PBXFileReference section */
		A20000000000000000000001 /* MusicHackathonApp.swift */ = {isa = PBXFileReference; lastKnownFileType = sourcecode.swift; path = MusicHackathonApp.swift; sourceTree = "<group>"; };
		A20000000000000000000002 /* AppView.swift */ = {isa = PBXFileReference; lastKnownFileType = sourcecode.swift; path = AppView.swift; sourceTree = "<group>"; };
		A20000000000000000000003 /* AppTab.swift */ = {isa = PBXFileReference; lastKnownFileType = sourcecode.swift; path = AppTab.swift; sourceTree = "<group>"; };
		A20000000000000000000004 /* Track.swift */ = {isa = PBXFileReference; lastKnownFileType = sourcecode.swift; path = Track.swift; sourceTree = "<group>"; };
		A20000000000000000000005 /* MockCatalog.swift */ = {isa = PBXFileReference; lastKnownFileType = sourcecode.swift; path = MockCatalog.swift; sourceTree = "<group>"; };
		A20000000000000000000006 /* PlaybackController.swift */ = {isa = PBXFileReference; lastKnownFileType = sourcecode.swift; path = PlaybackController.swift; sourceTree = "<group>"; };
		A20000000000000000000007 /* MusicAuthorizationService.swift */ = {isa = PBXFileReference; lastKnownFileType = sourcecode.swift; path = MusicAuthorizationService.swift; sourceTree = "<group>"; };
		A20000000000000000000008 /* DiscoverView.swift */ = {isa = PBXFileReference; lastKnownFileType = sourcecode.swift; path = DiscoverView.swift; sourceTree = "<group>"; };
		A20000000000000000000009 /* LibraryView.swift */ = {isa = PBXFileReference; lastKnownFileType = sourcecode.swift; path = LibraryView.swift; sourceTree = "<group>"; };
		A20000000000000000000010 /* PlayerView.swift */ = {isa = PBXFileReference; lastKnownFileType = sourcecode.swift; path = PlayerView.swift; sourceTree = "<group>"; };
		A20000000000000000000011 /* SettingsView.swift */ = {isa = PBXFileReference; lastKnownFileType = sourcecode.swift; path = SettingsView.swift; sourceTree = "<group>"; };
		A20000000000000000000012 /* Info.plist */ = {isa = PBXFileReference; lastKnownFileType = text.plist.xml; path = Info.plist; sourceTree = "<group>"; };
		A20000000000000000000013 /* MusicHackathon.app */ = {isa = PBXFileReference; explicitFileType = wrapper.application; includeInIndex = 0; path = MusicHackathon.app; sourceTree = BUILT_PRODUCTS_DIR; };
		A20000000000000000000014 /* featured-preview.m4a */ = {isa = PBXFileReference; lastKnownFileType = audio.m4a; path = "featured-preview.m4a"; sourceTree = "<group>"; };
		A20000000000000000000015 /* AudioSpectrumAnalyzer.swift */ = {isa = PBXFileReference; lastKnownFileType = sourcecode.swift; path = AudioSpectrumAnalyzer.swift; sourceTree = "<group>"; };
		C20000000000000000000001 /* AppIcon.icon */ = {isa = PBXFileReference; lastKnownFileType = folder.iconcomposer.icon; path = AppIcon.icon; sourceTree = "<group>"; };
		E20000000000000000000001 /* AppleMusicCatalogService.swift */ = {isa = PBXFileReference; lastKnownFileType = sourcecode.swift; path = AppleMusicCatalogService.swift; sourceTree = "<group>"; };
		E20000000000000000000002 /* SpectrumAnalysisCache.swift */ = {isa = PBXFileReference; lastKnownFileType = sourcecode.swift; path = SpectrumAnalysisCache.swift; sourceTree = "<group>"; };
		F20000000000000000000001 /* RadioModels.swift */ = {isa = PBXFileReference; lastKnownFileType = sourcecode.swift; path = RadioModels.swift; sourceTree = "<group>"; };
		F20000000000000000000002 /* AppleMusicLibraryService.swift */ = {isa = PBXFileReference; lastKnownFileType = sourcecode.swift; path = AppleMusicLibraryService.swift; sourceTree = "<group>"; };
		F20000000000000000000003 /* DJNarrationProvider.swift */ = {isa = PBXFileReference; lastKnownFileType = sourcecode.swift; path = DJNarrationProvider.swift; sourceTree = "<group>"; };
		F20000000000000000000004 /* RadioRecommendationEngine.swift */ = {isa = PBXFileReference; lastKnownFileType = sourcecode.swift; path = RadioRecommendationEngine.swift; sourceTree = "<group>"; };
		F20000000000000000000005 /* RadioContextBuilder.swift */ = {isa = PBXFileReference; lastKnownFileType = sourcecode.swift; path = RadioContextBuilder.swift; sourceTree = "<group>"; };
		F20000000000000000000006 /* RadioStateStore.swift */ = {isa = PBXFileReference; lastKnownFileType = sourcecode.swift; path = RadioStateStore.swift; sourceTree = "<group>"; };
		F20000000000000000000007 /* RadioStationController.swift */ = {isa = PBXFileReference; lastKnownFileType = sourcecode.swift; path = RadioStationController.swift; sourceTree = "<group>"; };
		G20000000000000000000001 /* RadioAgentClient.swift */ = {isa = PBXFileReference; lastKnownFileType = sourcecode.swift; path = RadioAgentClient.swift; sourceTree = "<group>"; };
		T20000000000000000000001 /* RadioRecommendationEngineTests.swift */ = {isa = PBXFileReference; lastKnownFileType = sourcecode.swift; path = RadioRecommendationEngineTests.swift; sourceTree = "<group>"; };
		T20000000000000000000002 /* RadioStateStoreTests.swift */ = {isa = PBXFileReference; lastKnownFileType = sourcecode.swift; path = RadioStateStoreTests.swift; sourceTree = "<group>"; };
		T20000000000000000000003 /* MusicHackathonTests.xctest */ = {isa = PBXFileReference; explicitFileType = wrapper.cfbundle; includeInIndex = 0; path = MusicHackathonTests.xctest; sourceTree = BUILT_PRODUCTS_DIR; };
		T20000000000000000000004 /* RadioAgentClientTests.swift */ = {isa = PBXFileReference; lastKnownFileType = sourcecode.swift; path = RadioAgentClientTests.swift; sourceTree = "<group>"; };
		T20000000000000000000005 /* RadioStationControllerTests.swift */ = {isa = PBXFileReference; lastKnownFileType = sourcecode.swift; path = RadioStationControllerTests.swift; sourceTree = "<group>"; };
/* End PBXFileReference section */

/* Begin PBXFrameworksBuildPhase section */
		A30000000000000000000001 /* Frameworks */ = {
			isa = PBXFrameworksBuildPhase;
			buildActionMask = 2147483647;
			files = (
				B10000000000000000000001 /* FluidGradient in Frameworks */,
			);
			runOnlyForDeploymentPostprocessing = 0;
		};
		T30000000000000000000001 /* Frameworks */ = {
			isa = PBXFrameworksBuildPhase;
			buildActionMask = 2147483647;
			files = (
			);
			runOnlyForDeploymentPostprocessing = 0;
		};
/* End PBXFrameworksBuildPhase section */

/* Begin PBXGroup section */
		A40000000000000000000001 = {
			isa = PBXGroup;
			children = (
				A40000000000000000000002 /* MusicHackathon */,
				T40000000000000000000001 /* MusicHackathonTests */,
				A40000000000000000000010 /* Products */,
			);
			sourceTree = "<group>";
		};
		A40000000000000000000002 /* MusicHackathon */ = {
			isa = PBXGroup;
			children = (
				A40000000000000000000003 /* App */,
				A40000000000000000000004 /* Features */,
				A40000000000000000000005 /* Models */,
				A40000000000000000000006 /* Services */,
				A40000000000000000000009 /* Resources */,
			);
			path = MusicHackathon;
			sourceTree = "<group>";
		};
		A40000000000000000000003 /* App */ = {
			isa = PBXGroup;
			children = (
				A20000000000000000000001 /* MusicHackathonApp.swift */,
				A20000000000000000000002 /* AppView.swift */,
				A20000000000000000000003 /* AppTab.swift */,
			);
			path = App;
			sourceTree = "<group>";
		};
		A40000000000000000000004 /* Features */ = {
			isa = PBXGroup;
			children = (
				A40000000000000000000011 /* Discover */,
				A40000000000000000000012 /* Library */,
				A40000000000000000000013 /* Player */,
				A40000000000000000000014 /* Settings */,
			);
			path = Features;
			sourceTree = "<group>";
		};
		A40000000000000000000005 /* Models */ = {
			isa = PBXGroup;
			children = (
				A20000000000000000000004 /* Track.swift */,
				A20000000000000000000005 /* MockCatalog.swift */,
				F20000000000000000000001 /* RadioModels.swift */,
			);
			path = Models;
			sourceTree = "<group>";
		};
		A40000000000000000000006 /* Services */ = {
			isa = PBXGroup;
			children = (
				A20000000000000000000006 /* PlaybackController.swift */,
				A20000000000000000000007 /* MusicAuthorizationService.swift */,
				E20000000000000000000001 /* AppleMusicCatalogService.swift */,
				F20000000000000000000002 /* AppleMusicLibraryService.swift */,
				F20000000000000000000003 /* DJNarrationProvider.swift */,
				F20000000000000000000004 /* RadioRecommendationEngine.swift */,
				F20000000000000000000005 /* RadioContextBuilder.swift */,
				F20000000000000000000006 /* RadioStateStore.swift */,
				F20000000000000000000007 /* RadioStationController.swift */,
				G20000000000000000000001 /* RadioAgentClient.swift */,
				E20000000000000000000002 /* SpectrumAnalysisCache.swift */,
				A20000000000000000000015 /* AudioSpectrumAnalyzer.swift */,
			);
			path = Services;
			sourceTree = "<group>";
		};
		A40000000000000000000009 /* Resources */ = {
			isa = PBXGroup;
			children = (
				A40000000000000000000015 /* Audio */,
				C20000000000000000000001 /* AppIcon.icon */,
				A20000000000000000000012 /* Info.plist */,
			);
			path = Resources;
			sourceTree = "<group>";
		};
		A40000000000000000000010 /* Products */ = {
			isa = PBXGroup;
			children = (
				A20000000000000000000013 /* MusicHackathon.app */,
				T20000000000000000000003 /* MusicHackathonTests.xctest */,
			);
			name = Products;
			sourceTree = "<group>";
		};
		A40000000000000000000011 /* Discover */ = {
			isa = PBXGroup;
			children = (
				A20000000000000000000008 /* DiscoverView.swift */,
			);
			path = Discover;
			sourceTree = "<group>";
		};
		A40000000000000000000012 /* Library */ = {
			isa = PBXGroup;
			children = (
				A20000000000000000000009 /* LibraryView.swift */,
			);
			path = Library;
			sourceTree = "<group>";
		};
		A40000000000000000000013 /* Player */ = {
			isa = PBXGroup;
			children = (
				A20000000000000000000010 /* PlayerView.swift */,
			);
			path = Player;
			sourceTree = "<group>";
		};
		A40000000000000000000014 /* Settings */ = {
			isa = PBXGroup;
			children = (
				A20000000000000000000011 /* SettingsView.swift */,
			);
			path = Settings;
			sourceTree = "<group>";
		};
		A40000000000000000000015 /* Audio */ = {
			isa = PBXGroup;
			children = (
				A20000000000000000000014 /* featured-preview.m4a */,
			);
			path = Audio;
			sourceTree = "<group>";
		};
		T40000000000000000000001 /* MusicHackathonTests */ = {
			isa = PBXGroup;
			children = (
				T20000000000000000000001 /* RadioRecommendationEngineTests.swift */,
				T20000000000000000000002 /* RadioStateStoreTests.swift */,
				T20000000000000000000004 /* RadioAgentClientTests.swift */,
				T20000000000000000000005 /* RadioStationControllerTests.swift */,
			);
			path = MusicHackathonTests;
			sourceTree = "<group>";
		};
/* End PBXGroup section */

/* Begin PBXNativeTarget section */
		A50000000000000000000001 /* MusicHackathon */ = {
			isa = PBXNativeTarget;
			buildConfigurationList = A90000000000000000000002 /* Build configuration list for PBXNativeTarget "MusicHackathon" */;
			buildPhases = (
				A60000000000000000000001 /* Sources */,
				A30000000000000000000001 /* Frameworks */,
				A70000000000000000000001 /* Resources */,
			);
			buildRules = (
			);
			dependencies = (
			);
			name = MusicHackathon;
			packageProductDependencies = (
				B30000000000000000000001 /* FluidGradient */,
			);
			productName = MusicHackathon;
			productReference = A20000000000000000000013 /* MusicHackathon.app */;
			productType = "com.apple.product-type.application";
		};
		T50000000000000000000001 /* MusicHackathonTests */ = {
			isa = PBXNativeTarget;
			buildConfigurationList = T90000000000000000000001 /* Build configuration list for PBXNativeTarget "MusicHackathonTests" */;
			buildPhases = (
				T60000000000000000000001 /* Sources */,
				T30000000000000000000001 /* Frameworks */,
				T70000000000000000000001 /* Resources */,
			);
			buildRules = (
			);
			dependencies = (
				T52000000000000000000001 /* PBXTargetDependency */,
			);
			name = MusicHackathonTests;
			packageProductDependencies = (
			);
			productName = MusicHackathonTests;
			productReference = T20000000000000000000003 /* MusicHackathonTests.xctest */;
			productType = "com.apple.product-type.bundle.unit-test";
		};
/* End PBXNativeTarget section */

/* Begin PBXProject section */
		A80000000000000000000001 /* Project object */ = {
			isa = PBXProject;
			attributes = {
				BuildIndependentTargetsInParallel = 1;
				LastSwiftUpdateCheck = 2650;
				LastUpgradeCheck = 2650;
				TargetAttributes = {
					A50000000000000000000001 = {
						CreatedOnToolsVersion = 26.5;
					};
				};
			};
			buildConfigurationList = A90000000000000000000001 /* Build configuration list for PBXProject "MusicHackathon" */;
			compatibilityVersion = "Xcode 14.0";
			developmentRegion = en;
			hasScannedForEncodings = 0;
			knownRegions = (
				en,
				Base,
			);
			mainGroup = A40000000000000000000001;
			packageReferences = (
				B20000000000000000000001 /* XCRemoteSwiftPackageReference "FluidGradient" */,
			);
			productRefGroup = A40000000000000000000010 /* Products */;
			projectDirPath = "";
			projectRoot = "";
			targets = (
				A50000000000000000000001 /* MusicHackathon */,
				T50000000000000000000001 /* MusicHackathonTests */,
			);
		};
/* End PBXProject section */

/* Begin PBXResourcesBuildPhase section */
		A70000000000000000000001 /* Resources */ = {
			isa = PBXResourcesBuildPhase;
			buildActionMask = 2147483647;
			files = (
				C10000000000000000000001 /* AppIcon.icon in Resources */,
				A10000000000000000000012 /* featured-preview.m4a in Resources */,
			);
			runOnlyForDeploymentPostprocessing = 0;
		};
		T70000000000000000000001 /* Resources */ = {
			isa = PBXResourcesBuildPhase;
			buildActionMask = 2147483647;
			files = (
			);
			runOnlyForDeploymentPostprocessing = 0;
		};
/* End PBXResourcesBuildPhase section */

/* Begin PBXSourcesBuildPhase section */
		A60000000000000000000001 /* Sources */ = {
			isa = PBXSourcesBuildPhase;
			buildActionMask = 2147483647;
			files = (
				A10000000000000000000001 /* MusicHackathonApp.swift in Sources */,
				A10000000000000000000002 /* AppView.swift in Sources */,
				A10000000000000000000003 /* AppTab.swift in Sources */,
				A10000000000000000000004 /* Track.swift in Sources */,
				A10000000000000000000005 /* MockCatalog.swift in Sources */,
				F10000000000000000000001 /* RadioModels.swift in Sources */,
				A10000000000000000000006 /* PlaybackController.swift in Sources */,
				A10000000000000000000007 /* MusicAuthorizationService.swift in Sources */,
				A10000000000000000000013 /* AudioSpectrumAnalyzer.swift in Sources */,
				A10000000000000000000008 /* DiscoverView.swift in Sources */,
				A10000000000000000000009 /* LibraryView.swift in Sources */,
				E10000000000000000000001 /* AppleMusicCatalogService.swift in Sources */,
				F10000000000000000000002 /* AppleMusicLibraryService.swift in Sources */,
				F10000000000000000000003 /* DJNarrationProvider.swift in Sources */,
				F10000000000000000000004 /* RadioRecommendationEngine.swift in Sources */,
				F10000000000000000000005 /* RadioContextBuilder.swift in Sources */,
				F10000000000000000000006 /* RadioStateStore.swift in Sources */,
				F10000000000000000000007 /* RadioStationController.swift in Sources */,
				G10000000000000000000001 /* RadioAgentClient.swift in Sources */,
				E10000000000000000000002 /* SpectrumAnalysisCache.swift in Sources */,
				A10000000000000000000010 /* PlayerView.swift in Sources */,
				A10000000000000000000011 /* SettingsView.swift in Sources */,
			);
			runOnlyForDeploymentPostprocessing = 0;
		};
		T60000000000000000000001 /* Sources */ = {
			isa = PBXSourcesBuildPhase;
			buildActionMask = 2147483647;
			files = (
				T10000000000000000000001 /* RadioRecommendationEngineTests.swift in Sources */,
				T10000000000000000000002 /* RadioStateStoreTests.swift in Sources */,
				T10000000000000000000003 /* RadioAgentClientTests.swift in Sources */,
				T10000000000000000000004 /* RadioStationControllerTests.swift in Sources */,
			);
			runOnlyForDeploymentPostprocessing = 0;
		};
/* End PBXSourcesBuildPhase section */

/* Begin PBXTargetDependency section */
		T52000000000000000000001 /* PBXTargetDependency */ = {
			isa = PBXTargetDependency;
			target = A50000000000000000000001 /* MusicHackathon */;
			targetProxy = T51000000000000000000001 /* PBXContainerItemProxy */;
		};
/* End PBXTargetDependency section */

/* Begin XCBuildConfiguration section */
		AA0000000000000000000001 /* Debug */ = {
			isa = XCBuildConfiguration;
			buildSettings = {
				ALWAYS_SEARCH_USER_PATHS = NO;
				CLANG_ANALYZER_NONNULL = YES;
				CLANG_ANALYZER_NUMBER_OBJECT_CONVERSION = YES_AGGRESSIVE;
				CLANG_CXX_LANGUAGE_STANDARD = "gnu++20";
				CLANG_ENABLE_MODULES = YES;
				CLANG_ENABLE_OBJC_ARC = YES;
				CLANG_ENABLE_OBJC_WEAK = YES;
				CLANG_WARN_BLOCK_CAPTURE_AUTORELEASING = YES;
				CLANG_WARN_BOOL_CONVERSION = YES;
				CLANG_WARN_COMMA = YES;
				CLANG_WARN_CONSTANT_CONVERSION = YES;
				CLANG_WARN_DEPRECATED_OBJC_IMPLEMENTATIONS = YES;
				CLANG_WARN_DIRECT_OBJC_ISA_USAGE = YES_ERROR;
				CLANG_WARN_DOCUMENTATION_COMMENTS = YES;
				CLANG_WARN_EMPTY_BODY = YES;
				CLANG_WARN_ENUM_CONVERSION = YES;
				CLANG_WARN_INFINITE_RECURSION = YES;
				CLANG_WARN_INT_CONVERSION = YES;
				CLANG_WARN_NON_LITERAL_NULL_CONVERSION = YES;
				CLANG_WARN_OBJC_IMPLICIT_RETAIN_SELF = YES;
				CLANG_WARN_OBJC_LITERAL_CONVERSION = YES;
				CLANG_WARN_OBJC_ROOT_CLASS = YES_ERROR;
				CLANG_WARN_QUOTED_INCLUDE_IN_FRAMEWORK_HEADER = YES;
				CLANG_WARN_RANGE_LOOP_ANALYSIS = YES;
				CLANG_WARN_STRICT_PROTOTYPES = YES;
				CLANG_WARN_SUSPICIOUS_MOVE = YES;
				CLANG_WARN_UNGUARDED_AVAILABILITY = YES_AGGRESSIVE;
				CLANG_WARN_UNREACHABLE_CODE = YES;
				CLANG_WARN__DUPLICATE_METHOD_MATCH = YES;
				COPY_PHASE_STRIP = NO;
				DEBUG_INFORMATION_FORMAT = dwarf;
				ENABLE_STRICT_OBJC_MSGSEND = YES;
				ENABLE_TESTABILITY = YES;
				GCC_C_LANGUAGE_STANDARD = gnu17;
				GCC_DYNAMIC_NO_PIC = NO;
				GCC_NO_COMMON_BLOCKS = YES;
				GCC_OPTIMIZATION_LEVEL = 0;
				GCC_PREPROCESSOR_DEFINITIONS = (
					"DEBUG=1",
					"$(inherited)",
				);
				GCC_WARN_64_TO_32_BIT_CONVERSION = YES;
				GCC_WARN_ABOUT_RETURN_TYPE = YES_ERROR;
				GCC_WARN_UNDECLARED_SELECTOR = YES;
				GCC_WARN_UNINITIALIZED_AUTOS = YES_AGGRESSIVE;
				GCC_WARN_UNUSED_FUNCTION = YES;
				GCC_WARN_UNUSED_VARIABLE = YES;
				IPHONEOS_DEPLOYMENT_TARGET = 17.0;
				MTL_ENABLE_DEBUG_INFO = INCLUDE_SOURCE;
				MTL_FAST_MATH = YES;
				ONLY_ACTIVE_ARCH = YES;
				SDKROOT = iphoneos;
				SWIFT_ACTIVE_COMPILATION_CONDITIONS = DEBUG;
				SWIFT_OPTIMIZATION_LEVEL = "-Onone";
			};
			name = Debug;
		};
		AA0000000000000000000002 /* Release */ = {
			isa = XCBuildConfiguration;
			buildSettings = {
				ALWAYS_SEARCH_USER_PATHS = NO;
				CLANG_ANALYZER_NONNULL = YES;
				CLANG_ANALYZER_NUMBER_OBJECT_CONVERSION = YES_AGGRESSIVE;
				CLANG_CXX_LANGUAGE_STANDARD = "gnu++20";
				CLANG_ENABLE_MODULES = YES;
				CLANG_ENABLE_OBJC_ARC = YES;
				CLANG_ENABLE_OBJC_WEAK = YES;
				CLANG_WARN_BLOCK_CAPTURE_AUTORELEASING = YES;
				CLANG_WARN_BOOL_CONVERSION = YES;
				CLANG_WARN_COMMA = YES;
				CLANG_WARN_CONSTANT_CONVERSION = YES;
				CLANG_WARN_DEPRECATED_OBJC_IMPLEMENTATIONS = YES;
				CLANG_WARN_DIRECT_OBJC_ISA_USAGE = YES_ERROR;
				CLANG_WARN_DOCUMENTATION_COMMENTS = YES;
				CLANG_WARN_EMPTY_BODY = YES;
				CLANG_WARN_ENUM_CONVERSION = YES;
				CLANG_WARN_INFINITE_RECURSION = YES;
				CLANG_WARN_INT_CONVERSION = YES;
				CLANG_WARN_NON_LITERAL_NULL_CONVERSION = YES;
				CLANG_WARN_OBJC_IMPLICIT_RETAIN_SELF = YES;
				CLANG_WARN_OBJC_LITERAL_CONVERSION = YES;
				CLANG_WARN_OBJC_ROOT_CLASS = YES_ERROR;
				CLANG_WARN_QUOTED_INCLUDE_IN_FRAMEWORK_HEADER = YES;
				CLANG_WARN_RANGE_LOOP_ANALYSIS = YES;
				CLANG_WARN_STRICT_PROTOTYPES = YES;
				CLANG_WARN_SUSPICIOUS_MOVE = YES;
				CLANG_WARN_UNGUARDED_AVAILABILITY = YES_AGGRESSIVE;
				CLANG_WARN_UNREACHABLE_CODE = YES;
				CLANG_WARN__DUPLICATE_METHOD_MATCH = YES;
				COPY_PHASE_STRIP = NO;
				DEBUG_INFORMATION_FORMAT = "dwarf-with-dsym";
				ENABLE_NS_ASSERTIONS = NO;
				ENABLE_STRICT_OBJC_MSGSEND = YES;
				GCC_C_LANGUAGE_STANDARD = gnu17;
				GCC_NO_COMMON_BLOCKS = YES;
				GCC_WARN_64_TO_32_BIT_CONVERSION = YES;
				GCC_WARN_ABOUT_RETURN_TYPE = YES_ERROR;
				GCC_WARN_UNDECLARED_SELECTOR = YES;
				GCC_WARN_UNINITIALIZED_AUTOS = YES_AGGRESSIVE;
				GCC_WARN_UNUSED_FUNCTION = YES;
				GCC_WARN_UNUSED_VARIABLE = YES;
				IPHONEOS_DEPLOYMENT_TARGET = 17.0;
				MTL_ENABLE_DEBUG_INFO = NO;
				MTL_FAST_MATH = YES;
				SDKROOT = iphoneos;
				SWIFT_COMPILATION_MODE = wholemodule;
				SWIFT_OPTIMIZATION_LEVEL = "-O";
				VALIDATE_PRODUCT = YES;
			};
			name = Release;
		};
		AA0000000000000000000003 /* Debug */ = {
			isa = XCBuildConfiguration;
			buildSettings = {
				ASSETCATALOG_COMPILER_APPICON_NAME = AppIcon;
				CODE_SIGN_STYLE = Automatic;
				CURRENT_PROJECT_VERSION = 1;
				DEVELOPMENT_TEAM = 24XGLNT76L;
				ENABLE_PREVIEWS = YES;
				GENERATE_INFOPLIST_FILE = NO;
				INFOPLIST_FILE = MusicHackathon/Resources/Info.plist;
				INFOPLIST_KEY_UIApplicationSupportsIndirectInputEvents = YES;
				IPHONEOS_DEPLOYMENT_TARGET = 17.0;
				LD_RUNPATH_SEARCH_PATHS = (
					"$(inherited)",
					"@executable_path/Frameworks",
				);
				MARKETING_VERSION = 1.0;
				PRODUCT_BUNDLE_IDENTIFIER = com.1pitaph.music;
				PRODUCT_NAME = "$(TARGET_NAME)";
				SUPPORTED_PLATFORMS = "iphoneos iphonesimulator";
				SUPPORTS_MACCATALYST = NO;
				SUPPORTS_MAC_DESIGNED_FOR_IPHONE_IPAD = NO;
				SWIFT_EMIT_LOC_STRINGS = YES;
				SWIFT_VERSION = 5.0;
				TARGETED_DEVICE_FAMILY = "1,2";
			};
			name = Debug;
		};
		AA0000000000000000000004 /* Release */ = {
			isa = XCBuildConfiguration;
			buildSettings = {
				ASSETCATALOG_COMPILER_APPICON_NAME = AppIcon;
				CODE_SIGN_STYLE = Automatic;
				CURRENT_PROJECT_VERSION = 1;
				DEVELOPMENT_TEAM = 24XGLNT76L;
				ENABLE_PREVIEWS = YES;
				GENERATE_INFOPLIST_FILE = NO;
				INFOPLIST_FILE = MusicHackathon/Resources/Info.plist;
				INFOPLIST_KEY_UIApplicationSupportsIndirectInputEvents = YES;
				IPHONEOS_DEPLOYMENT_TARGET = 17.0;
				LD_RUNPATH_SEARCH_PATHS = (
					"$(inherited)",
					"@executable_path/Frameworks",
				);
				MARKETING_VERSION = 1.0;
				PRODUCT_BUNDLE_IDENTIFIER = com.1pitaph.music;
				PRODUCT_NAME = "$(TARGET_NAME)";
				SUPPORTED_PLATFORMS = "iphoneos iphonesimulator";
				SUPPORTS_MACCATALYST = NO;
				SUPPORTS_MAC_DESIGNED_FOR_IPHONE_IPAD = NO;
				SWIFT_EMIT_LOC_STRINGS = YES;
				SWIFT_VERSION = 5.0;
				TARGETED_DEVICE_FAMILY = "1,2";
			};
			name = Release;
		};
		TAA000000000000000000001 /* Debug */ = {
			isa = XCBuildConfiguration;
			buildSettings = {
				BUNDLE_LOADER = "$(TEST_HOST)";
				CODE_SIGN_STYLE = Automatic;
				CURRENT_PROJECT_VERSION = 1;
				DEVELOPMENT_TEAM = 24XGLNT76L;
				GENERATE_INFOPLIST_FILE = YES;
				IPHONEOS_DEPLOYMENT_TARGET = 17.0;
				LD_RUNPATH_SEARCH_PATHS = (
					"$(inherited)",
					"@executable_path/Frameworks",
					"@loader_path/Frameworks",
				);
				MARKETING_VERSION = 1.0;
				PRODUCT_BUNDLE_IDENTIFIER = com.1pitaph.music.tests;
				PRODUCT_NAME = "$(TARGET_NAME)";
				SWIFT_VERSION = 5.0;
				TARGETED_DEVICE_FAMILY = "1,2";
				TEST_HOST = "$(BUILT_PRODUCTS_DIR)/MusicHackathon.app/$(BUNDLE_EXECUTABLE_FOLDER_PATH)/MusicHackathon";
			};
			name = Debug;
		};
		TAA000000000000000000002 /* Release */ = {
			isa = XCBuildConfiguration;
			buildSettings = {
				BUNDLE_LOADER = "$(TEST_HOST)";
				CODE_SIGN_STYLE = Automatic;
				CURRENT_PROJECT_VERSION = 1;
				DEVELOPMENT_TEAM = 24XGLNT76L;
				GENERATE_INFOPLIST_FILE = YES;
				IPHONEOS_DEPLOYMENT_TARGET = 17.0;
				LD_RUNPATH_SEARCH_PATHS = (
					"$(inherited)",
					"@executable_path/Frameworks",
					"@loader_path/Frameworks",
				);
				MARKETING_VERSION = 1.0;
				PRODUCT_BUNDLE_IDENTIFIER = com.1pitaph.music.tests;
				PRODUCT_NAME = "$(TARGET_NAME)";
				SWIFT_VERSION = 5.0;
				TARGETED_DEVICE_FAMILY = "1,2";
				TEST_HOST = "$(BUILT_PRODUCTS_DIR)/MusicHackathon.app/$(BUNDLE_EXECUTABLE_FOLDER_PATH)/MusicHackathon";
			};
			name = Release;
		};
/* End XCBuildConfiguration section */

/* Begin XCConfigurationList section */
		A90000000000000000000001 /* Build configuration list for PBXProject "MusicHackathon" */ = {
			isa = XCConfigurationList;
			buildConfigurations = (
				AA0000000000000000000001 /* Debug */,
				AA0000000000000000000002 /* Release */,
			);
			defaultConfigurationIsVisible = 0;
			defaultConfigurationName = Release;
		};
		A90000000000000000000002 /* Build configuration list for PBXNativeTarget "MusicHackathon" */ = {
			isa = XCConfigurationList;
			buildConfigurations = (
				AA0000000000000000000003 /* Debug */,
				AA0000000000000000000004 /* Release */,
			);
			defaultConfigurationIsVisible = 0;
			defaultConfigurationName = Release;
		};
		T90000000000000000000001 /* Build configuration list for PBXNativeTarget "MusicHackathonTests" */ = {
			isa = XCConfigurationList;
			buildConfigurations = (
				TAA000000000000000000001 /* Debug */,
				TAA000000000000000000002 /* Release */,
			);
			defaultConfigurationIsVisible = 0;
			defaultConfigurationName = Release;
		};
/* End XCConfigurationList section */

/* Begin XCRemoteSwiftPackageReference section */
		B20000000000000000000001 /* XCRemoteSwiftPackageReference "FluidGradient" */ = {
			isa = XCRemoteSwiftPackageReference;
			repositoryURL = "https://github.com/Cindori/FluidGradient.git";
			requirement = {
				kind = upToNextMajorVersion;
				minimumVersion = 1.0.0;
			};
		};
/* End XCRemoteSwiftPackageReference section */

/* Begin XCSwiftPackageProductDependency section */
		B30000000000000000000001 /* FluidGradient */ = {
			isa = XCSwiftPackageProductDependency;
			package = B20000000000000000000001 /* XCRemoteSwiftPackageReference "FluidGradient" */;
			productName = FluidGradient;
		};
/* End XCSwiftPackageProductDependency section */
	};
	rootObject = A80000000000000000000001 /* Project object */;
}
